
Microsoft Visual Studio Solution File, Format Version 12.00
# Visual Studio 15
VisualStudioVersion = 15.0.27703.2026
MinimumVisualStudioVersion = 10.0.40219.1
Project("{FAE04EC0-301F-11D3-BF4B-00C04F79EFBC}") = "MDEditorUploadImage", "MDEditorUploadImage\MDEditorUploadImage.csproj", "{19BBCC01-E9EC-419D-878F-205C615874CB}"
EndProject
Global
	GlobalSection(SolutionConfigurationPlatforms) = preSolution
		Debug|Any CPU = Debug|Any CPU
		Release|Any CPU = Release|Any CPU
	EndGlobalSection
	GlobalSection(ProjectConfigurationPlatforms) = postSolution
		{19BBCC01-E9EC-419D-878F-205C615874CB}.Debug|Any CPU.ActiveCfg = Debug|Any CPU
		{19BBCC01-E9EC-419D-878F-205C615874CB}.Debug|Any CPU.Build.0 = Debug|Any CPU
		{19BBCC01-E9EC-419D-878F-205C615874CB}.Release|Any CPU.ActiveCfg = Release|Any CPU
		{19BBCC01-E9EC-419D-878F-205C615874CB}.Release|Any CPU.Build.0 = Release|Any CPU
	EndGlobalSection
	GlobalSection(SolutionProperties) = preSolution
		HideSolutionNode = FALSE
	EndGlobalSection
	GlobalSection(ExtensibilityGlobals) = postSolution
		SolutionGuid = {4E5CB029-B6FB-4B5B-9813-105F033CC299}
	EndGlobalSection
EndGlobal
